
Microsoft Visual Studio Solution File, Format Version 12.00
# Visual Studio Version 17
VisualStudioVersion = 17.14.36616.10 d17.14
MinimumVisualStudioVersion = 10.0.40219.1
Project("{FAE04EC0-301F-11D3-BF4B-00C04F79EFBC}") = "PR08", "PR08\PR08.csproj", "{81C1C900-AAFD-4243-ACC7-BBD388F1EF98}"
EndProject
Global
	GlobalSection(SolutionConfigurationPlatforms) = preSolution
		Debug|Any CPU = Debug|Any CPU
		Release|Any CPU = Release|Any CPU
	EndGlobalSection
	GlobalSection(ProjectConfigurationPlatforms) = postSolution
		{81C1C900-AAFD-4243-ACC7-BBD388F1EF98}.Debug|Any CPU.ActiveCfg = Debug|Any CPU
		{81C1C900-AAFD-4243-ACC7-BBD388F1EF98}.Debug|Any CPU.Build.0 = Debug|Any CPU
		{81C1C900-AAFD-4243-ACC7-BBD388F1EF98}.Release|Any CPU.ActiveCfg = Release|Any CPU
		{81C1C900-AAFD-4243-ACC7-BBD388F1EF98}.Release|Any CPU.Build.0 = Release|Any CPU
	EndGlobalSection
	GlobalSection(SolutionProperties) = preSolution
		HideSolutionNode = FALSE
	EndGlobalSection
	GlobalSection(ExtensibilityGlobals) = postSolution
		SolutionGuid = {FA50F36C-9297-4FDC-8E3A-98579C0F5B94}
	EndGlobalSection
EndGlobal
